
Microsoft Visual Studio Solution File, Format Version 12.00
# Visual Studio Version 17
VisualStudioVersion = 17.14.36221.1 d17.14
MinimumVisualStudioVersion = 10.0.40219.1
Project("{FAE04EC0-301F-11D3-BF4B-00C04F79EFBC}") = "MemoirMind.Api", "MemoirMind.Api\MemoirMind.Api.csproj", "{73790D3A-014A-4F2F-99DD-0DEC33A5D611}"
EndProject
Global
	GlobalSection(SolutionConfigurationPlatforms) = preSolution
		Debug|Any CPU = Debug|Any CPU
		Release|Any CPU = Release|Any CPU
	EndGlobalSection
	GlobalSection(ProjectConfigurationPlatforms) = postSolution
		{73790D3A-014A-4F2F-99DD-0DEC33A5D611}.Debug|Any CPU.ActiveCfg = Debug|Any CPU
		{73790D3A-014A-4F2F-99DD-0DEC33A5D611}.Debug|Any CPU.Build.0 = Debug|Any CPU
		{73790D3A-014A-4F2F-99DD-0DEC33A5D611}.Release|Any CPU.ActiveCfg = Release|Any CPU
		{73790D3A-014A-4F2F-99DD-0DEC33A5D611}.Release|Any CPU.Build.0 = Release|Any CPU
	EndGlobalSection
	GlobalSection(SolutionProperties) = preSolution
		HideSolutionNode = FALSE
	EndGlobalSection
	GlobalSection(ExtensibilityGlobals) = postSolution
		SolutionGuid = {E1F17526-427C-4E90-9BE1-23C61508A90C}
	EndGlobalSection
EndGlobal
